
Microsoft Visual Studio Solution File, Format Version 12.00
# Visual Studio Version 17
VisualStudioVersion = 17.0.31903.59
MinimumVisualStudioVersion = 10.0.40219.1
Project("{FAE04EC0-301F-11D3-BF4B-00C04F79EFBC}") = "Lms.Web", "Lms.Web\Lms.Web.csproj", "{AE8D7532-92FA-465C-AA60-11DE027BC737}"
EndProject
Project("{FAE04EC0-301F-11D3-BF4B-00C04F79EFBC}") = "Lms.Domain", "Lms.Domain\Lms.Domain.csproj", "{4189F19E-34FC-4DC8-B561-3D94F3004886}"
EndProject
Project("{FAE04EC0-301F-11D3-BF4B-00C04F79EFBC}") = "Lms.Application", "Lms.Application\Lms.Application.csproj", "{522AFE6C-1098-43E1-A5E9-FD6C4CA1C6DE}"
EndProject
Project("{FAE04EC0-301F-11D3-BF4B-00C04F79EFBC}") = "Lms.Infrastructure", "Lms.Infrastructure\Lms.Infrastructure.csproj", "{5BBDC172-45BF-450B-8E91-218AE11C3FAB}"
EndProject
Project("{FAE04EC0-301F-11D3-BF4B-00C04F79EFBC}") = "Lms.Application.Tests", "src\Lms.Application.Tests\Lms.Application.Tests.csproj", "{D1E2F3A4-B5C6-4789-DEF0-1234567890AE}"
EndProject
Global
	GlobalSection(SolutionConfigurationPlatforms) = preSolution
		Debug|Any CPU = Debug|Any CPU
		Debug|x64 = Debug|x64
		Debug|x86 = Debug|x86
		Release|Any CPU = Release|Any CPU
		Release|x64 = Release|x64
		Release|x86 = Release|x86
	EndGlobalSection
	GlobalSection(ProjectConfigurationPlatforms) = postSolution
		{AE8D7532-92FA-465C-AA60-11DE027BC737}.Debug|Any CPU.ActiveCfg = Debug|Any CPU
		{AE8D7532-92FA-465C-AA60-11DE027BC737}.Debug|Any CPU.Build.0 = Debug|Any CPU
		{AE8D7532-92FA-465C-AA60-11DE027BC737}.Debug|x64.ActiveCfg = Debug|Any CPU
		{AE8D7532-92FA-465C-AA60-11DE027BC737}.Debug|x64.Build.0 = Debug|Any CPU
		{AE8D7532-92FA-465C-AA60-11DE027BC737}.Debug|x86.ActiveCfg = Debug|Any CPU
		{AE8D7532-92FA-465C-AA60-11DE027BC737}.Debug|x86.Build.0 = Debug|Any CPU
		{AE8D7532-92FA-465C-AA60-11DE027BC737}.Release|Any CPU.ActiveCfg = Release|Any CPU
		{AE8D7532-92FA-465C-AA60-11DE027BC737}.Release|Any CPU.Build.0 = Release|Any CPU
		{AE8D7532-92FA-465C-AA60-11DE027BC737}.Release|x64.ActiveCfg = Release|Any CPU
		{AE8D7532-92FA-465C-AA60-11DE027BC737}.Release|x64.Build.0 = Release|Any CPU
		{AE8D7532-92FA-465C-AA60-11DE027BC737}.Release|x86.ActiveCfg = Release|Any CPU
		{AE8D7532-92FA-465C-AA60-11DE027BC737}.Release|x86.Build.0 = Release|Any CPU
		{4189F19E-34FC-4DC8-B561-3D94F3004886}.Debug|Any CPU.ActiveCfg = Debug|Any CPU
		{4189F19E-34FC-4DC8-B561-3D94F3004886}.Debug|Any CPU.Build.0 = Debug|Any CPU
		{4189F19E-34FC-4DC8-B561-3D94F3004886}.Debug|x64.ActiveCfg = Debug|Any CPU
		{4189F19E-34FC-4DC8-B561-3D94F3004886}.Debug|x64.Build.0 = Debug|Any CPU
		{4189F19E-34FC-4DC8-B561-3D94F3004886}.Debug|x86.ActiveCfg = Debug|Any CPU
		{4189F19E-34FC-4DC8-B561-3D94F3004886}.Debug|x86.Build.0 = Debug|Any CPU
		{4189F19E-34FC-4DC8-B561-3D94F3004886}.Release|Any CPU.ActiveCfg = Release|Any CPU
		{4189F19E-34FC-4DC8-B561-3D94F3004886}.Release|Any CPU.Build.0 = Release|Any CPU
		{4189F19E-34FC-4DC8-B561-3D94F3004886}.Release|x64.ActiveCfg = Release|Any CPU
		{4189F19E-34FC-4DC8-B561-3D94F3004886}.Release|x64.Build.0 = Release|Any CPU
		{4189F19E-34FC-4DC8-B561-3D94F3004886}.Release|x86.ActiveCfg = Release|Any CPU
		{4189F19E-34FC-4DC8-B561-3D94F3004886}.Release|x86.Build.0 = Release|Any CPU
		{522AFE6C-1098-43E1-A5E9-FD6C4CA1C6DE}.Debug|Any CPU.ActiveCfg = Debug|Any CPU
		{522AFE6C-1098-43E1-A5E9-FD6C4CA1C6DE}.Debug|Any CPU.Build.0 = Debug|Any CPU
		{522AFE6C-1098-43E1-A5E9-FD6C4CA1C6DE}.Debug|x64.ActiveCfg = Debug|Any CPU
		{522AFE6C-1098-43E1-A5E9-FD6C4CA1C6DE}.Debug|x64.Build.0 = Debug|Any CPU
		{522AFE6C-1098-43E1-A5E9-FD6C4CA1C6DE}.Debug|x86.ActiveCfg = Debug|Any CPU
		{522AFE6C-1098-43E1-A5E9-FD6C4CA1C6DE}.Debug|x86.Build.0 = Debug|Any CPU
		{522AFE6C-1098-43E1-A5E9-FD6C4CA1C6DE}.Release|Any CPU.ActiveCfg = Release|Any CPU
		{522AFE6C-1098-43E1-A5E9-FD6C4CA1C6DE}.Release|Any CPU.Build.0 = Release|Any CPU
		{522AFE6C-1098-43E1-A5E9-FD6C4CA1C6DE}.Release|x64.ActiveCfg = Release|Any CPU
		{522AFE6C-1098-43E1-A5E9-FD6C4CA1C6DE}.Release|x64.Build.0 = Release|Any CPU
		{522AFE6C-1098-43E1-A5E9-FD6C4CA1C6DE}.Release|x86.ActiveCfg = Release|Any CPU
		{522AFE6C-1098-43E1-A5E9-FD6C4CA1C6DE}.Release|x86.Build.0 = Release|Any CPU
		{5BBDC172-45BF-450B-8E91-218AE11C3FAB}.Debug|Any CPU.ActiveCfg = Debug|Any CPU
		{5BBDC172-45BF-450B-8E91-218AE11C3FAB}.Debug|Any CPU.Build.0 = Debug|Any CPU
		{5BBDC172-45BF-450B-8E91-218AE11C3FAB}.Debug|x64.ActiveCfg = Debug|Any CPU
		{5BBDC172-45BF-450B-8E91-218AE11C3FAB}.Debug|x64.Build.0 = Debug|Any CPU
		{5BBDC172-45BF-450B-8E91-218AE11C3FAB}.Debug|x86.ActiveCfg = Debug|Any CPU
		{5BBDC172-45BF-450B-8E91-218AE11C3FAB}.Debug|x86.Build.0 = Debug|Any CPU
		{5BBDC172-45BF-450B-8E91-218AE11C3FAB}.Release|Any CPU.ActiveCfg = Release|Any CPU
		{5BBDC172-45BF-450B-8E91-218AE11C3FAB}.Release|Any CPU.Build.0 = Release|Any CPU
		{5BBDC172-45BF-450B-8E91-218AE11C3FAB}.Release|x64.ActiveCfg = Release|Any CPU
		{5BBDC172-45BF-450B-8E91-218AE11C3FAB}.Release|x64.Build.0 = Release|Any CPU
		{5BBDC172-45BF-450B-8E91-218AE11C3FAB}.Release|x86.ActiveCfg = Release|Any CPU
		{5BBDC172-45BF-450B-8E91-218AE11C3FAB}.Release|x86.Build.0 = Release|Any CPU
		{D1E2F3A4-B5C6-4789-DEF0-1234567890AE}.Debug|Any CPU.ActiveCfg = Debug|Any CPU
		{D1E2F3A4-B5C6-4789-DEF0-1234567890AE}.Debug|Any CPU.Build.0 = Debug|Any CPU
		{D1E2F3A4-B5C6-4789-DEF0-1234567890AE}.Debug|x64.ActiveCfg = Debug|Any CPU
		{D1E2F3A4-B5C6-4789-DEF0-1234567890AE}.Debug|x64.Build.0 = Debug|Any CPU
		{D1E2F3A4-B5C6-4789-DEF0-1234567890AE}.Debug|x86.ActiveCfg = Debug|Any CPU
		{D1E2F3A4-B5C6-4789-DEF0-1234567890AE}.Debug|x86.Build.0 = Debug|Any CPU
		{D1E2F3A4-B5C6-4789-DEF0-1234567890AE}.Release|Any CPU.ActiveCfg = Release|Any CPU
		{D1E2F3A4-B5C6-4789-DEF0-1234567890AE}.Release|Any CPU.Build.0 = Release|Any CPU
		{D1E2F3A4-B5C6-4789-DEF0-1234567890AE}.Release|x64.ActiveCfg = Release|Any CPU
		{D1E2F3A4-B5C6-4789-DEF0-1234567890AE}.Release|x64.Build.0 = Release|Any CPU
		{D1E2F3A4-B5C6-4789-DEF0-1234567890AE}.Release|x86.ActiveCfg = Release|Any CPU
		{D1E2F3A4-B5C6-4789-DEF0-1234567890AE}.Release|x86.Build.0 = Release|Any CPU
	EndGlobalSection
	GlobalSection(SolutionProperties) = preSolution
		HideSolutionNode = FALSE
	EndGlobalSection
EndGlobal
